
Microsoft Visual Studio Solution File, Format Version 12.00
# Visual Studio 15
VisualStudioVersion = 15.0.28307.168
MinimumVisualStudioVersion = 10.0.40219.1
Project("{FAE04EC0-301F-11D3-BF4B-00C04F79EFBC}") = "WebAPI", "WebAPI\WebAPI.csproj", "{539038FB-CE17-4126-A54A-DA589482D559}"
EndProject
Project("{FAE04EC0-301F-11D3-BF4B-00C04F79EFBC}") = "mvcClient", "mvcClient\mvcClient.csproj", "{8D2F99A7-CD45-411E-B929-E8FDCB811208}"
EndProject
Project("{FAE04EC0-301F-11D3-BF4B-00C04F79EFBC}") = "koClient", "koClient\koClient.csproj", "{6ADBBB60-5D10-4D33-9AE2-C04BEDA5B370}"
EndProject
Global
	GlobalSection(SolutionConfigurationPlatforms) = preSolution
		Debug|Any CPU = Debug|Any CPU
		Release|Any CPU = Release|Any CPU
	EndGlobalSection
	GlobalSection(ProjectConfigurationPlatforms) = postSolution
		{539038FB-CE17-4126-A54A-DA589482D559}.Debug|Any CPU.ActiveCfg = Debug|Any CPU
		{539038FB-CE17-4126-A54A-DA589482D559}.Debug|Any CPU.Build.0 = Debug|Any CPU
		{539038FB-CE17-4126-A54A-DA589482D559}.Release|Any CPU.ActiveCfg = Release|Any CPU
		{539038FB-CE17-4126-A54A-DA589482D559}.Release|Any CPU.Build.0 = Release|Any CPU
		{8D2F99A7-CD45-411E-B929-E8FDCB811208}.Debug|Any CPU.ActiveCfg = Debug|Any CPU
		{8D2F99A7-CD45-411E-B929-E8FDCB811208}.Debug|Any CPU.Build.0 = Debug|Any CPU
		{8D2F99A7-CD45-411E-B929-E8FDCB811208}.Release|Any CPU.ActiveCfg = Release|Any CPU
		{8D2F99A7-CD45-411E-B929-E8FDCB811208}.Release|Any CPU.Build.0 = Release|Any CPU
		{6ADBBB60-5D10-4D33-9AE2-C04BEDA5B370}.Debug|Any CPU.ActiveCfg = Debug|Any CPU
		{6ADBBB60-5D10-4D33-9AE2-C04BEDA5B370}.Debug|Any CPU.Build.0 = Debug|Any CPU
		{6ADBBB60-5D10-4D33-9AE2-C04BEDA5B370}.Release|Any CPU.ActiveCfg = Release|Any CPU
		{6ADBBB60-5D10-4D33-9AE2-C04BEDA5B370}.Release|Any CPU.Build.0 = Release|Any CPU
	EndGlobalSection
	GlobalSection(SolutionProperties) = preSolution
		HideSolutionNode = FALSE
	EndGlobalSection
	GlobalSection(ExtensibilityGlobals) = postSolution
		SolutionGuid = {F2E66A28-A1F2-4BF5-8F11-FB86F2826074}
	EndGlobalSection
EndGlobal
